
Microsoft Visual Studio Solution File, Format Version 12.00
# Visual Studio 15
VisualStudioVersion = 15.0.27703.2035
MinimumVisualStudioVersion = 10.0.40219.1
Project("{FAE04EC0-301F-11D3-BF4B-00C04F79EFBC}") = "AngularWithCore2Demo", "AngularWithCore2Demo\AngularWithCore2Demo.csproj", "{23608DFD-EBD9-4CC8-9E2F-68767AE4EAF2}"
EndProject
Global
	GlobalSection(SolutionConfigurationPlatforms) = preSolution
		Debug|Any CPU = Debug|Any CPU
		Release|Any CPU = Release|Any CPU
	EndGlobalSection
	GlobalSection(ProjectConfigurationPlatforms) = postSolution
		{23608DFD-EBD9-4CC8-9E2F-68767AE4EAF2}.Debug|Any CPU.ActiveCfg = Debug|Any CPU
		{23608DFD-EBD9-4CC8-9E2F-68767AE4EAF2}.Debug|Any CPU.Build.0 = Debug|Any CPU
		{23608DFD-EBD9-4CC8-9E2F-68767AE4EAF2}.Release|Any CPU.ActiveCfg = Release|Any CPU
		{23608DFD-EBD9-4CC8-9E2F-68767AE4EAF2}.Release|Any CPU.Build.0 = Release|Any CPU
	EndGlobalSection
	GlobalSection(SolutionProperties) = preSolution
		HideSolutionNode = FALSE
	EndGlobalSection
	GlobalSection(ExtensibilityGlobals) = postSolution
		SolutionGuid = {C81652D4-2175-44AD-B7E7-3B8240905669}
	EndGlobalSection
EndGlobal
